Microsoft Visual Studio Solution File, Format Version 12.00
# Visual Studio Solution File
Project("{FAE04EC0-301F-11D3-BF4B-00C04F79EFBC}") = "GameServer", "GameServer\GameServer.csproj", "{GUID1}"
Project("{FAE04EC0-301F-11D3-BF4B-00C04F79EFBC}") = "GameClient", "GameClient\GameClient.csproj", "{GUID2}"
Project("{FAE04EC0-301F-11D3-BF4B-00C04F79EFBC}") = "GameLogic", "GameLogic\GameLogic.csproj", "{GUID3}"
Global
    GlobalSection(SolutionConfigurationPlatforms) = preSolution
        Debug|Any CPU = Debug|Any CPU
        Release|Any CPU = Release|Any CPU
    EndGlobalSection
    GlobalSection(ProjectConfigurationPlatforms) = postSolution
        {GUID1}.Debug|Any CPU.ActiveCfg = Debug|Any CPU
        {GUID1}.Debug|Any CPU.Build.0 = Debug|Any CPU
        {GUID2}.Debug|Any CPU.ActiveCfg = Debug|Any CPU
        {GUID2}.Debug|Any CPU.Build.0 = Debug|Any CPU
        {GUID3}.Debug|Any CPU.ActiveCfg = Debug|Any CPU
        {GUID3}.Debug|Any CPU.Build.0 = Debug|Any CPU
    EndGlobalSection
EndGlobal
